
Microsoft Visual Studio Solution File, Format Version 12.00
# Visual Studio Version 16
VisualStudioVersion = 16.0.32901.82
MinimumVisualStudioVersion = 10.0.40219.1
Project("{D2ABAB84-BF74-430A-B69E-9DC6D40DDA17}") = "PurchaseFactCube", "PurchaseFactCube.dwproj", "{1D6EFE11-FA39-4FCD-A973-FFEDEC106DB1}"
EndProject
Global
	GlobalSection(SolutionConfigurationPlatforms) = preSolution
		Development|Default = Development|Default
	EndGlobalSection
	GlobalSection(ProjectConfigurationPlatforms) = postSolution
		{1D6EFE11-FA39-4FCD-A973-FFEDEC106DB1}.Development|Default.ActiveCfg = Development
		{1D6EFE11-FA39-4FCD-A973-FFEDEC106DB1}.Development|Default.Build.0 = Development
		{1D6EFE11-FA39-4FCD-A973-FFEDEC106DB1}.Development|Default.Deploy.0 = Development
	EndGlobalSection
	GlobalSection(SolutionProperties) = preSolution
		HideSolutionNode = FALSE
	EndGlobalSection
	GlobalSection(ExtensibilityGlobals) = postSolution
		SolutionGuid = {79A35183-5CA6-4BED-93C3-8445CA799266}
	EndGlobalSection
EndGlobal
