
Microsoft Visual Studio Solution File, Format Version 12.00
# Visual Studio Version 16
VisualStudioVersion = 16.0.32901.82
MinimumVisualStudioVersion = 10.0.40219.1
Project("{D2ABAB84-BF74-430A-B69E-9DC6D40DDA17}") = "SalesFactCube", "SalesFactCube.dwproj", "{2BEDAA82-66DD-4DA0-A0DD-247FB863B120}"
EndProject
Global
	GlobalSection(SolutionConfigurationPlatforms) = preSolution
		Development|Default = Development|Default
	EndGlobalSection
	GlobalSection(ProjectConfigurationPlatforms) = postSolution
		{2BEDAA82-66DD-4DA0-A0DD-247FB863B120}.Development|Default.ActiveCfg = Development
		{2BEDAA82-66DD-4DA0-A0DD-247FB863B120}.Development|Default.Build.0 = Development
		{2BEDAA82-66DD-4DA0-A0DD-247FB863B120}.Development|Default.Deploy.0 = Development
	EndGlobalSection
	GlobalSection(SolutionProperties) = preSolution
		HideSolutionNode = FALSE
	EndGlobalSection
	GlobalSection(ExtensibilityGlobals) = postSolution
		SolutionGuid = {29F2B81A-5EED-4BB9-8D8B-B693F47F7488}
	EndGlobalSection
EndGlobal
